
Microsoft Visual Studio Solution File, Format Version 12.00
# Visual Studio 15
VisualStudioVersion = 15.0.28307.539
MinimumVisualStudioVersion = 10.0.40219.1
Project("{FAE04EC0-301F-11D3-BF4B-00C04F79EFBC}") = "Hangfire.Extension", "Hangfire.Extension\Hangfire.Extension.csproj", "{F6FAD165-A61C-44CA-9B5E-3AE055148AAB}"
EndProject
Project("{FAE04EC0-301F-11D3-BF4B-00C04F79EFBC}") = "Hangfire.Extension.Example", "Hangfire.Extension.Example\Hangfire.Extension.Example.csproj", "{FF2FF3D2-DDB2-4ECF-9BAE-D2D1CA0E4645}"
EndProject
Global
	GlobalSection(SolutionConfigurationPlatforms) = preSolution
		Debug|Any CPU = Debug|Any CPU
		Release|Any CPU = Release|Any CPU
	EndGlobalSection
	GlobalSection(ProjectConfigurationPlatforms) = postSolution
		{F6FAD165-A61C-44CA-9B5E-3AE055148AAB}.Debug|Any CPU.ActiveCfg = Debug|Any CPU
		{F6FAD165-A61C-44CA-9B5E-3AE055148AAB}.Debug|Any CPU.Build.0 = Debug|Any CPU
		{F6FAD165-A61C-44CA-9B5E-3AE055148AAB}.Release|Any CPU.ActiveCfg = Release|Any CPU
		{F6FAD165-A61C-44CA-9B5E-3AE055148AAB}.Release|Any CPU.Build.0 = Release|Any CPU
		{FF2FF3D2-DDB2-4ECF-9BAE-D2D1CA0E4645}.Debug|Any CPU.ActiveCfg = Debug|Any CPU
		{FF2FF3D2-DDB2-4ECF-9BAE-D2D1CA0E4645}.Debug|Any CPU.Build.0 = Debug|Any CPU
		{FF2FF3D2-DDB2-4ECF-9BAE-D2D1CA0E4645}.Release|Any CPU.ActiveCfg = Release|Any CPU
		{FF2FF3D2-DDB2-4ECF-9BAE-D2D1CA0E4645}.Release|Any CPU.Build.0 = Release|Any CPU
	EndGlobalSection
	GlobalSection(SolutionProperties) = preSolution
		HideSolutionNode = FALSE
	EndGlobalSection
	GlobalSection(ExtensibilityGlobals) = postSolution
		SolutionGuid = {19F8F99E-FAE1-4ABE-9170-27EE7DF8EB44}
	EndGlobalSection
EndGlobal
